
Microsoft Visual Studio Solution File, Format Version 12.00
# Visual Studio Version 17
VisualStudioVersion = 17.6.33829.357
MinimumVisualStudioVersion = 10.0.40219.1
Project("{FAE04EC0-301F-11D3-BF4B-00C04F79EFBC}") = "Github", "Github\Github.csproj", "{411269C6-258F-452B-BB3C-BC458FDA3656}"
EndProject
Global
	GlobalSection(SolutionConfigurationPlatforms) = preSolution
		Debug|Any CPU = Debug|Any CPU
		Release|Any CPU = Release|Any CPU
	EndGlobalSection
	GlobalSection(ProjectConfigurationPlatforms) = postSolution
		{411269C6-258F-452B-BB3C-BC458FDA3656}.Debug|Any CPU.ActiveCfg = Debug|Any CPU
		{411269C6-258F-452B-BB3C-BC458FDA3656}.Debug|Any CPU.Build.0 = Debug|Any CPU
		{411269C6-258F-452B-BB3C-BC458FDA3656}.Release|Any CPU.ActiveCfg = Release|Any CPU
		{411269C6-258F-452B-BB3C-BC458FDA3656}.Release|Any CPU.Build.0 = Release|Any CPU
	EndGlobalSection
	GlobalSection(SolutionProperties) = preSolution
		HideSolutionNode = FALSE
	EndGlobalSection
	GlobalSection(ExtensibilityGlobals) = postSolution
		SolutionGuid = {CD5F94C7-12D8-48DA-AE0F-83D7AA7F6014}
	EndGlobalSection
EndGlobal
